
Microsoft Visual Studio Solution File, Format Version 12.00
# Visual Studio 15
VisualStudioVersion = 15.0.27130.2020
MinimumVisualStudioVersion = 10.0.40219.1
Project("{8BC9CEB8-8B4A-11D0-8D11-00A0C91BC942}") = "Video", "Video\Video.vcxitems", "{7F49E8D2-F13C-4D6A-9BDF-050AF9E5638B}"
EndProject
Project("{8BC9CEB8-8B4A-11D0-8D11-00A0C91BC942}") = "VideoListGenerator", "VideoListGenerator\VideoListGenerator.vcxproj", "{281EBDDC-6323-4ED9-AD0E-E8FDE088C949}"
	ProjectSection(ProjectDependencies) = postProject
		{49DF54DE-8853-4464-BAE9-576EA0CB9BB7} = {49DF54DE-8853-4464-BAE9-576EA0CB9BB7}
	EndProjectSection
EndProject
Project("{8BC9CEB8-8B4A-11D0-8D11-00A0C91BC942}") = "LibAv", "LibAv\LibAv.vcxproj", "{0759F92E-04A3-463E-877D-858A07A30872}"
	ProjectSection(ProjectDependencies) = postProject
		{49DF54DE-8853-4464-BAE9-576EA0CB9BB7} = {49DF54DE-8853-4464-BAE9-576EA0CB9BB7}
	EndProjectSection
EndProject
Project("{8BC9CEB8-8B4A-11D0-8D11-00A0C91BC942}") = "TilingTranscoder", "TilingTranscoder\TilingTranscoder.vcxproj", "{5E7BC3DA-550A-436E-B3FF-0A19598AAD5E}"
	ProjectSection(ProjectDependencies) = postProject
		{0759F92E-04A3-463E-877D-858A07A30872} = {0759F92E-04A3-463E-877D-858A07A30872}
		{49DF54DE-8853-4464-BAE9-576EA0CB9BB7} = {49DF54DE-8853-4464-BAE9-576EA0CB9BB7}
	EndProjectSection
EndProject
Project("{8BC9CEB8-8B4A-11D0-8D11-00A0C91BC942}") = "Core", "..\Core\Core\Core.vcxproj", "{49DF54DE-8853-4464-BAE9-576EA0CB9BB7}"
EndProject
Project("{8BC9CEB8-8B4A-11D0-8D11-00A0C91BC942}") = "FFmpeg", "FFmpeg\FFmpeg.vcxproj", "{9C893210-89A9-4D66-BE3F-1DB8E3649D4D}"
EndProject
Global
	GlobalSection(SolutionConfigurationPlatforms) = preSolution
		Debug|x64 = Debug|x64
		Debug|x86 = Debug|x86
		Release|x64 = Release|x64
		Release|x86 = Release|x86
	EndGlobalSection
	GlobalSection(ProjectConfigurationPlatforms) = postSolution
		{281EBDDC-6323-4ED9-AD0E-E8FDE088C949}.Debug|x64.ActiveCfg = Debug|x64
		{281EBDDC-6323-4ED9-AD0E-E8FDE088C949}.Debug|x64.Build.0 = Debug|x64
		{281EBDDC-6323-4ED9-AD0E-E8FDE088C949}.Debug|x86.ActiveCfg = Debug|Win32
		{281EBDDC-6323-4ED9-AD0E-E8FDE088C949}.Debug|x86.Build.0 = Debug|Win32
		{281EBDDC-6323-4ED9-AD0E-E8FDE088C949}.Release|x64.ActiveCfg = Release|x64
		{281EBDDC-6323-4ED9-AD0E-E8FDE088C949}.Release|x64.Build.0 = Release|x64
		{281EBDDC-6323-4ED9-AD0E-E8FDE088C949}.Release|x86.ActiveCfg = Release|Win32
		{281EBDDC-6323-4ED9-AD0E-E8FDE088C949}.Release|x86.Build.0 = Release|Win32
		{0759F92E-04A3-463E-877D-858A07A30872}.Debug|x64.ActiveCfg = Debug|x64
		{0759F92E-04A3-463E-877D-858A07A30872}.Debug|x64.Build.0 = Debug|x64
		{0759F92E-04A3-463E-877D-858A07A30872}.Debug|x86.ActiveCfg = Debug|Win32
		{0759F92E-04A3-463E-877D-858A07A30872}.Debug|x86.Build.0 = Debug|Win32
		{0759F92E-04A3-463E-877D-858A07A30872}.Release|x64.ActiveCfg = Release|x64
		{0759F92E-04A3-463E-877D-858A07A30872}.Release|x64.Build.0 = Release|x64
		{0759F92E-04A3-463E-877D-858A07A30872}.Release|x86.ActiveCfg = Release|Win32
		{0759F92E-04A3-463E-877D-858A07A30872}.Release|x86.Build.0 = Release|Win32
		{5E7BC3DA-550A-436E-B3FF-0A19598AAD5E}.Debug|x64.ActiveCfg = Debug|x64
		{5E7BC3DA-550A-436E-B3FF-0A19598AAD5E}.Debug|x64.Build.0 = Debug|x64
		{5E7BC3DA-550A-436E-B3FF-0A19598AAD5E}.Debug|x86.ActiveCfg = Debug|Win32
		{5E7BC3DA-550A-436E-B3FF-0A19598AAD5E}.Debug|x86.Build.0 = Debug|Win32
		{5E7BC3DA-550A-436E-B3FF-0A19598AAD5E}.Release|x64.ActiveCfg = Release|x64
		{5E7BC3DA-550A-436E-B3FF-0A19598AAD5E}.Release|x64.Build.0 = Release|x64
		{5E7BC3DA-550A-436E-B3FF-0A19598AAD5E}.Release|x86.ActiveCfg = Release|Win32
		{5E7BC3DA-550A-436E-B3FF-0A19598AAD5E}.Release|x86.Build.0 = Release|Win32
		{49DF54DE-8853-4464-BAE9-576EA0CB9BB7}.Debug|x64.ActiveCfg = Debug|x64
		{49DF54DE-8853-4464-BAE9-576EA0CB9BB7}.Debug|x64.Build.0 = Debug|x64
		{49DF54DE-8853-4464-BAE9-576EA0CB9BB7}.Debug|x86.ActiveCfg = Debug|Win32
		{49DF54DE-8853-4464-BAE9-576EA0CB9BB7}.Debug|x86.Build.0 = Debug|Win32
		{49DF54DE-8853-4464-BAE9-576EA0CB9BB7}.Release|x64.ActiveCfg = Release|x64
		{49DF54DE-8853-4464-BAE9-576EA0CB9BB7}.Release|x64.Build.0 = Release|x64
		{49DF54DE-8853-4464-BAE9-576EA0CB9BB7}.Release|x86.ActiveCfg = Release|Win32
		{49DF54DE-8853-4464-BAE9-576EA0CB9BB7}.Release|x86.Build.0 = Release|Win32
		{9C893210-89A9-4D66-BE3F-1DB8E3649D4D}.Debug|x64.ActiveCfg = Debug|x64
		{9C893210-89A9-4D66-BE3F-1DB8E3649D4D}.Debug|x64.Build.0 = Debug|x64
		{9C893210-89A9-4D66-BE3F-1DB8E3649D4D}.Debug|x86.ActiveCfg = Debug|Win32
		{9C893210-89A9-4D66-BE3F-1DB8E3649D4D}.Debug|x86.Build.0 = Debug|Win32
		{9C893210-89A9-4D66-BE3F-1DB8E3649D4D}.Release|x64.ActiveCfg = Release|x64
		{9C893210-89A9-4D66-BE3F-1DB8E3649D4D}.Release|x64.Build.0 = Release|x64
		{9C893210-89A9-4D66-BE3F-1DB8E3649D4D}.Release|x86.ActiveCfg = Release|Win32
		{9C893210-89A9-4D66-BE3F-1DB8E3649D4D}.Release|x86.Build.0 = Release|Win32
	EndGlobalSection
	GlobalSection(SolutionProperties) = preSolution
		HideSolutionNode = FALSE
	EndGlobalSection
	GlobalSection(ExtensibilityGlobals) = postSolution
		SolutionGuid = {6B5C0FD4-B587-4CED-9737-9BC9B28283F5}
	EndGlobalSection
EndGlobal
