
Microsoft Visual Studio Solution File, Format Version 12.00
# Visual Studio 15
VisualStudioVersion = 15.0.27130.2026
MinimumVisualStudioVersion = 10.0.40219.1
Project("{8BC9CEB8-8B4A-11D0-8D11-00A0C91BC942}") = "Core", "..\Core\Core\Core.vcxproj", "{49DF54DE-8853-4464-BAE9-576EA0CB9BB7}"
EndProject
Project("{8BC9CEB8-8B4A-11D0-8D11-00A0C91BC942}") = "Plugin", "Plugin\Plugin.vcxproj", "{CDAF5A10-BDB4-4F5F-B03B-BADE9490B433}"
	ProjectSection(ProjectDependencies) = postProject
		{9C893210-89A9-4D66-BE3F-1DB8E3649D4D} = {9C893210-89A9-4D66-BE3F-1DB8E3649D4D}
		{C8191531-2278-4EF7-98AE-0F8937277C25} = {C8191531-2278-4EF7-98AE-0F8937277C25}
		{49DF54DE-8853-4464-BAE9-576EA0CB9BB7} = {49DF54DE-8853-4464-BAE9-576EA0CB9BB7}
	EndProjectSection
EndProject
Project("{8BC9CEB8-8B4A-11D0-8D11-00A0C91BC942}") = "FFmpeg", "..\Media\FFmpeg\FFmpeg.vcxproj", "{9C893210-89A9-4D66-BE3F-1DB8E3649D4D}"
	ProjectSection(ProjectDependencies) = postProject
		{49DF54DE-8853-4464-BAE9-576EA0CB9BB7} = {49DF54DE-8853-4464-BAE9-576EA0CB9BB7}
	EndProjectSection
EndProject
Project("{8BC9CEB8-8B4A-11D0-8D11-00A0C91BC942}") = "Monitor", "Monitor\Monitor.vcxproj", "{C3002868-2966-458C-B202-D8C1297954F8}"
	ProjectSection(ProjectDependencies) = postProject
		{9C893210-89A9-4D66-BE3F-1DB8E3649D4D} = {9C893210-89A9-4D66-BE3F-1DB8E3649D4D}
		{C8191531-2278-4EF7-98AE-0F8937277C25} = {C8191531-2278-4EF7-98AE-0F8937277C25}
		{49DF54DE-8853-4464-BAE9-576EA0CB9BB7} = {49DF54DE-8853-4464-BAE9-576EA0CB9BB7}
	EndProjectSection
EndProject
Project("{8BC9CEB8-8B4A-11D0-8D11-00A0C91BC942}") = "Gallery", "Gallery\Gallery.vcxproj", "{C8191531-2278-4EF7-98AE-0F8937277C25}"
	ProjectSection(ProjectDependencies) = postProject
		{9C893210-89A9-4D66-BE3F-1DB8E3649D4D} = {9C893210-89A9-4D66-BE3F-1DB8E3649D4D}
		{49DF54DE-8853-4464-BAE9-576EA0CB9BB7} = {49DF54DE-8853-4464-BAE9-576EA0CB9BB7}
	EndProjectSection
EndProject
Global
	GlobalSection(SolutionConfigurationPlatforms) = preSolution
		Debug|x64 = Debug|x64
		Debug|x86 = Debug|x86
		Release|x64 = Release|x64
		Release|x86 = Release|x86
	EndGlobalSection
	GlobalSection(ProjectConfigurationPlatforms) = postSolution
		{49DF54DE-8853-4464-BAE9-576EA0CB9BB7}.Debug|x64.ActiveCfg = Debug|x64
		{49DF54DE-8853-4464-BAE9-576EA0CB9BB7}.Debug|x64.Build.0 = Debug|x64
		{49DF54DE-8853-4464-BAE9-576EA0CB9BB7}.Debug|x86.ActiveCfg = Debug|Win32
		{49DF54DE-8853-4464-BAE9-576EA0CB9BB7}.Debug|x86.Build.0 = Debug|Win32
		{49DF54DE-8853-4464-BAE9-576EA0CB9BB7}.Release|x64.ActiveCfg = Release|x64
		{49DF54DE-8853-4464-BAE9-576EA0CB9BB7}.Release|x64.Build.0 = Release|x64
		{49DF54DE-8853-4464-BAE9-576EA0CB9BB7}.Release|x86.ActiveCfg = Release|Win32
		{49DF54DE-8853-4464-BAE9-576EA0CB9BB7}.Release|x86.Build.0 = Release|Win32
		{CDAF5A10-BDB4-4F5F-B03B-BADE9490B433}.Debug|x64.ActiveCfg = Debug|x64
		{CDAF5A10-BDB4-4F5F-B03B-BADE9490B433}.Debug|x86.ActiveCfg = Debug|Win32
		{CDAF5A10-BDB4-4F5F-B03B-BADE9490B433}.Debug|x86.Build.0 = Debug|Win32
		{CDAF5A10-BDB4-4F5F-B03B-BADE9490B433}.Release|x64.ActiveCfg = Release|x64
		{CDAF5A10-BDB4-4F5F-B03B-BADE9490B433}.Release|x64.Build.0 = Release|x64
		{CDAF5A10-BDB4-4F5F-B03B-BADE9490B433}.Release|x86.ActiveCfg = Release|Win32
		{CDAF5A10-BDB4-4F5F-B03B-BADE9490B433}.Release|x86.Build.0 = Release|Win32
		{9C893210-89A9-4D66-BE3F-1DB8E3649D4D}.Debug|x64.ActiveCfg = Debug|x64
		{9C893210-89A9-4D66-BE3F-1DB8E3649D4D}.Debug|x64.Build.0 = Debug|x64
		{9C893210-89A9-4D66-BE3F-1DB8E3649D4D}.Debug|x86.ActiveCfg = Debug|Win32
		{9C893210-89A9-4D66-BE3F-1DB8E3649D4D}.Debug|x86.Build.0 = Debug|Win32
		{9C893210-89A9-4D66-BE3F-1DB8E3649D4D}.Release|x64.ActiveCfg = Release|x64
		{9C893210-89A9-4D66-BE3F-1DB8E3649D4D}.Release|x64.Build.0 = Release|x64
		{9C893210-89A9-4D66-BE3F-1DB8E3649D4D}.Release|x86.ActiveCfg = Release|Win32
		{9C893210-89A9-4D66-BE3F-1DB8E3649D4D}.Release|x86.Build.0 = Release|Win32
		{C3002868-2966-458C-B202-D8C1297954F8}.Debug|x64.ActiveCfg = Debug|x64
		{C3002868-2966-458C-B202-D8C1297954F8}.Debug|x86.ActiveCfg = Debug|Win32
		{C3002868-2966-458C-B202-D8C1297954F8}.Debug|x86.Build.0 = Debug|Win32
		{C3002868-2966-458C-B202-D8C1297954F8}.Release|x64.ActiveCfg = Release|x64
		{C3002868-2966-458C-B202-D8C1297954F8}.Release|x64.Build.0 = Release|x64
		{C3002868-2966-458C-B202-D8C1297954F8}.Release|x86.ActiveCfg = Release|Win32
		{C3002868-2966-458C-B202-D8C1297954F8}.Release|x86.Build.0 = Release|Win32
		{C8191531-2278-4EF7-98AE-0F8937277C25}.Debug|x64.ActiveCfg = Debug|x64
		{C8191531-2278-4EF7-98AE-0F8937277C25}.Debug|x64.Build.0 = Debug|x64
		{C8191531-2278-4EF7-98AE-0F8937277C25}.Debug|x86.ActiveCfg = Debug|Win32
		{C8191531-2278-4EF7-98AE-0F8937277C25}.Debug|x86.Build.0 = Debug|Win32
		{C8191531-2278-4EF7-98AE-0F8937277C25}.Release|x64.ActiveCfg = Release|x64
		{C8191531-2278-4EF7-98AE-0F8937277C25}.Release|x64.Build.0 = Release|x64
		{C8191531-2278-4EF7-98AE-0F8937277C25}.Release|x86.ActiveCfg = Release|Win32
		{C8191531-2278-4EF7-98AE-0F8937277C25}.Release|x86.Build.0 = Release|Win32
	EndGlobalSection
	GlobalSection(SolutionProperties) = preSolution
		HideSolutionNode = FALSE
	EndGlobalSection
	GlobalSection(ExtensibilityGlobals) = postSolution
		SolutionGuid = {37B188B9-D15C-4E96-A1CF-8085A72DA5E8}
	EndGlobalSection
EndGlobal
